
Microsoft Visual Studio Solution File, Format Version 12.00
# Visual Studio Version 17
VisualStudioVersion = 17.8.34330.188
MinimumVisualStudioVersion = 10.0.40219.1
Project("{FAE04EC0-301F-11D3-BF4B-00C04F79EFBC}") = "premieralj", "premieralj.csproj", "{0DDBD281-4D82-4EF1-8A19-BB986E396480}"
EndProject
Global
	GlobalSection(SolutionConfigurationPlatforms) = preSolution
		Debug|Any CPU = Debug|Any CPU
		Release|Any CPU = Release|Any CPU
	EndGlobalSection
	GlobalSection(ProjectConfigurationPlatforms) = postSolution
		{0DDBD281-4D82-4EF1-8A19-BB986E396480}.Debug|Any CPU.ActiveCfg = Debug|Any CPU
		{0DDBD281-4D82-4EF1-8A19-BB986E396480}.Debug|Any CPU.Build.0 = Debug|Any CPU
		{0DDBD281-4D82-4EF1-8A19-BB986E396480}.Release|Any CPU.ActiveCfg = Release|Any CPU
		{0DDBD281-4D82-4EF1-8A19-BB986E396480}.Release|Any CPU.Build.0 = Release|Any CPU
	EndGlobalSection
	GlobalSection(SolutionProperties) = preSolution
		HideSolutionNode = FALSE
	EndGlobalSection
	GlobalSection(ExtensibilityGlobals) = postSolution
		SolutionGuid = {F3D0921F-AAF0-42A9-B57C-D54563DD585C}
	EndGlobalSection
EndGlobal
